
Microsoft Visual Studio Solution File, Format Version 12.00
# Visual Studio Version 17
VisualStudioVersion = 17.1.32421.90
MinimumVisualStudioVersion = 10.0.40219.1
Project("{9A19103F-16F7-4668-BE54-9A1E7A4F7556}") = "Business", "Business\Business.csproj", "{B359483C-6FB3-4EFE-BD36-F4164ED13E3A}"
EndProject
Project("{9A19103F-16F7-4668-BE54-9A1E7A4F7556}") = "Core", "Core\Core.csproj", "{D775479A-2390-4B34-8E5D-7413CE32902A}"
EndProject
Project("{9A19103F-16F7-4668-BE54-9A1E7A4F7556}") = "DataAccess", "DataAccess\DataAccess.csproj", "{EC70FE57-11C3-421A-AAC6-53E1188C2E30}"
EndProject
Project("{9A19103F-16F7-4668-BE54-9A1E7A4F7556}") = "Entities", "Entities\Entities.csproj", "{63A0E1A7-FFBB-49DA-8AE3-5019B32065D9}"
EndProject
Project("{FAE04EC0-301F-11D3-BF4B-00C04F79EFBC}") = "WebApp", "WebApp\WebApp.csproj", "{C77F4453-1382-436D-97F0-87BEA731DF2A}"
EndProject
Global
	GlobalSection(SolutionConfigurationPlatforms) = preSolution
		Debug|Any CPU = Debug|Any CPU
		Release|Any CPU = Release|Any CPU
	EndGlobalSection
	GlobalSection(ProjectConfigurationPlatforms) = postSolution
		{B359483C-6FB3-4EFE-BD36-F4164ED13E3A}.Debug|Any CPU.ActiveCfg = Debug|Any CPU
		{B359483C-6FB3-4EFE-BD36-F4164ED13E3A}.Debug|Any CPU.Build.0 = Debug|Any CPU
		{B359483C-6FB3-4EFE-BD36-F4164ED13E3A}.Release|Any CPU.ActiveCfg = Release|Any CPU
		{B359483C-6FB3-4EFE-BD36-F4164ED13E3A}.Release|Any CPU.Build.0 = Release|Any CPU
		{D775479A-2390-4B34-8E5D-7413CE32902A}.Debug|Any CPU.ActiveCfg = Debug|Any CPU
		{D775479A-2390-4B34-8E5D-7413CE32902A}.Debug|Any CPU.Build.0 = Debug|Any CPU
		{D775479A-2390-4B34-8E5D-7413CE32902A}.Release|Any CPU.ActiveCfg = Release|Any CPU
		{D775479A-2390-4B34-8E5D-7413CE32902A}.Release|Any CPU.Build.0 = Release|Any CPU
		{EC70FE57-11C3-421A-AAC6-53E1188C2E30}.Debug|Any CPU.ActiveCfg = Debug|Any CPU
		{EC70FE57-11C3-421A-AAC6-53E1188C2E30}.Debug|Any CPU.Build.0 = Debug|Any CPU
		{EC70FE57-11C3-421A-AAC6-53E1188C2E30}.Release|Any CPU.ActiveCfg = Release|Any CPU
		{EC70FE57-11C3-421A-AAC6-53E1188C2E30}.Release|Any CPU.Build.0 = Release|Any CPU
		{63A0E1A7-FFBB-49DA-8AE3-5019B32065D9}.Debug|Any CPU.ActiveCfg = Debug|Any CPU
		{63A0E1A7-FFBB-49DA-8AE3-5019B32065D9}.Debug|Any CPU.Build.0 = Debug|Any CPU
		{63A0E1A7-FFBB-49DA-8AE3-5019B32065D9}.Release|Any CPU.ActiveCfg = Release|Any CPU
		{63A0E1A7-FFBB-49DA-8AE3-5019B32065D9}.Release|Any CPU.Build.0 = Release|Any CPU
		{C77F4453-1382-436D-97F0-87BEA731DF2A}.Debug|Any CPU.ActiveCfg = Debug|Any CPU
		{C77F4453-1382-436D-97F0-87BEA731DF2A}.Debug|Any CPU.Build.0 = Debug|Any CPU
		{C77F4453-1382-436D-97F0-87BEA731DF2A}.Release|Any CPU.ActiveCfg = Release|Any CPU
		{C77F4453-1382-436D-97F0-87BEA731DF2A}.Release|Any CPU.Build.0 = Release|Any CPU
	EndGlobalSection
	GlobalSection(SolutionProperties) = preSolution
		HideSolutionNode = FALSE
	EndGlobalSection
	GlobalSection(ExtensibilityGlobals) = postSolution
		SolutionGuid = {26929BD7-92B8-43BE-9D0B-3EB18E310A7D}
	EndGlobalSection
EndGlobal
